
Microsoft Visual Studio Solution File, Format Version 12.00
# Visual Studio Version 17
VisualStudioVersion = 17.8.34511.84
MinimumVisualStudioVersion = 10.0.40219.1
Project("{FAE04EC0-301F-11D3-BF4B-00C04F79EFBC}") = "googleFormsAutoFiller", "googleFormsAutoFiller\googleFormsAutoFiller.csproj", "{30963A5C-8262-4AFC-B30F-DE4ACA79A561}"
EndProject
Global
	GlobalSection(SolutionConfigurationPlatforms) = preSolution
		Debug|Any CPU = Debug|Any CPU
		Release|Any CPU = Release|Any CPU
	EndGlobalSection
	GlobalSection(ProjectConfigurationPlatforms) = postSolution
		{30963A5C-8262-4AFC-B30F-DE4ACA79A561}.Debug|Any CPU.ActiveCfg = Debug|Any CPU
		{30963A5C-8262-4AFC-B30F-DE4ACA79A561}.Debug|Any CPU.Build.0 = Debug|Any CPU
		{30963A5C-8262-4AFC-B30F-DE4ACA79A561}.Release|Any CPU.ActiveCfg = Release|Any CPU
		{30963A5C-8262-4AFC-B30F-DE4ACA79A561}.Release|Any CPU.Build.0 = Release|Any CPU
	EndGlobalSection
	GlobalSection(SolutionProperties) = preSolution
		HideSolutionNode = FALSE
	EndGlobalSection
	GlobalSection(ExtensibilityGlobals) = postSolution
		SolutionGuid = {CEEA3BD8-8A86-4AB9-8011-9527481DD4BE}
	EndGlobalSection
EndGlobal
